<?xml version="1.0" encoding="utf-8"?>
<Project ToolsVersion="4.0" xmlns="http://schemas.microsoft.com/developer/msbuild/2003">
  <ItemGroup>
    <ClCompile Include="App.cpp" />
    <ClCompile Include="main.cpp" />
    <ClCompile Include="SDLEvent.cpp" />
    <ClCompile Include="Vector2.cpp" />
    <ClCompile Include="Vector4.cpp" />
    <ClCompile Include="textures.cpp" />
    <ClCompile Include="error_manager.cpp" />
    <ClCompile Include="shader_manager.cpp" />
    <ClCompile Include="renderer.cpp" />
    <ClCompile Include="input_manger.cpp">
      <Filter>Engine\Source files</Filter>
    </ClCompile>
    <ClCompile Include="sprite.cpp">
      <Filter>Engine\Source files</Filter>
    </ClCompile>
    <ClCompile Include="game.cpp">
      <Filter>Game\Source files</Filter>
    </ClCompile>
    <ClCompile Include="math_utilities.cpp" />
    <ClCompile Include="matrix4.cpp" />
    <ClCompile Include="vector3.cpp" />
    <ClCompile Include="Engine\core\component.cpp">
      <Filter>Engine\core</Filter>
    </ClCompile>
    <ClCompile Include="Engine\core\unique_id.cpp">
      <Filter>Engine\core</Filter>
    </ClCompile>
    <ClCompile Include="Engine\utilities\time_manager.cpp" />
    <ClCompile Include="Engine\core\game_object.cpp">
      <Filter>Engine\core</Filter>
    </ClCompile>
    <ClCompile Include="block.cpp">
      <Filter>Engine\core</Filter>
    </ClCompile>
    <ClCompile Include="ball.cpp">
      <Filter>Engine\core</Filter>
    </ClCompile>
  </ItemGroup>
  <ItemGroup>
    <ClInclude Include="App.hpp" />
    <ClInclude Include="SDLEvent.hpp" />
    <ClInclude Include="Vector2.hpp" />
    <ClInclude Include="Vector4.hpp" />
    <ClInclude Include="textures.hpp" />
    <ClInclude Include="error_manager.hpp" />
    <ClInclude Include="renderer.hpp" />
    <ClInclude Include="shader_manager.hpp" />
    <ClInclude Include="input_manager.hpp">
      <Filter>Engine\Header files</Filter>
    </ClInclude>
    <ClInclude Include="resource_manager.hpp">
      <Filter>Engine\Header files</Filter>
    </ClInclude>
    <ClInclude Include="resource_manager.cpp">
      <Filter>Engine\Source files</Filter>
    </ClInclude>
    <ClInclude Include="sprite.hpp">
      <Filter>Engine\Header files</Filter>
    </ClInclude>
    <ClInclude Include="game.hpp">
      <Filter>Game\Header files</Filter>
    </ClInclude>
    <ClInclude Include="math_utilities.hpp" />
    <ClInclude Include="matrix4.hpp" />
    <ClInclude Include="vector3.hpp" />
    <ClInclude Include="Engine\core\component.hpp">
      <Filter>Engine\core</Filter>
    </ClInclude>
    <ClInclude Include="Engine\core\i_render.hpp">
      <Filter>Engine\core</Filter>
    </ClInclude>
    <ClInclude Include="Engine\core\i_update.hpp">
      <Filter>Engine\core</Filter>
    </ClInclude>
    <ClInclude Include="Engine\core\unique_id.hpp">
      <Filter>Engine\core</Filter>
    </ClInclude>
    <ClInclude Include="Engine\utilities\time_manager.hpp" />
    <ClInclude Include="Engine\utilities\stb_image.h" />
    <ClInclude Include="Engine\core\game_object.hpp">
      <Filter>Engine\core</Filter>
    </ClInclude>
    <ClInclude Include="block.hpp">
      <Filter>Engine\core</Filter>
    </ClInclude>
    <ClInclude Include="object_vertex.hpp">
      <Filter>Engine\core</Filter>
    </ClInclude>
    <ClInclude Include="ball.hpp">
      <Filter>Engine\core</Filter>
    </ClInclude>
  </ItemGroup>
  <ItemGroup>
    <Filter Include="Engine">
      <UniqueIdentifier>{6f9fb37f-e47b-46c3-8209-dbf486018555}</UniqueIdentifier>
    </Filter>
    <Filter Include="Engine\Source files">
      <UniqueIdentifier>{0a3ec513-922c-4b14-83e3-98e1934fea74}</UniqueIdentifier>
    </Filter>
    <Filter Include="Engine\Header files">
      <UniqueIdentifier>{da8cc683-e66e-46b9-be58-7d0e16e23f76}</UniqueIdentifier>
    </Filter>
    <Filter Include="Engine\core">
      <UniqueIdentifier>{e05564ef-a191-4316-8b84-18b1f7e8491c}</UniqueIdentifier>
    </Filter>
    <Filter Include="Engine\shaders">
      <UniqueIdentifier>{50d8f853-15bb-4875-8973-d3c112c03e0b}</UniqueIdentifier>
    </Filter>
    <Filter Include="Engine\utils">
      <UniqueIdentifier>{db0a8a85-050b-4c2b-9454-cfa7fb4c5a0a}</UniqueIdentifier>
    </Filter>
    <Filter Include="Game">
      <UniqueIdentifier>{723082c3-52ee-4a80-a1fb-5a3ee3fdb21a}</UniqueIdentifier>
    </Filter>
    <Filter Include="Game\Header files">
      <UniqueIdentifier>{f57f9edc-9930-4b81-944e-233d243808e2}</UniqueIdentifier>
    </Filter>
    <Filter Include="Game\Source files">
      <UniqueIdentifier>{d5b42bd3-cdec-4e37-b2ec-3ae4dd409bf8}</UniqueIdentifier>
    </Filter>
  </ItemGroup>
  <ItemGroup>
    <None Include="vertex.glsl" />
    <None Include="frag.glsl" />
  </ItemGroup>
  <ItemGroup>
    <Image Include="Game\assets\block.png" />
    <Image Include="Game\assets\block_solid.png" />
    <Image Include="Game\assets\ball.png" />
    <Image Include="Game\assets\background.jpg" />
    <Image Include="Game\assets\paddle.png" />
    <Image Include="Game\assets\test.png" />
  </ItemGroup>
</Project>